{
  "version": 4,
  "terraform_version": "0.14.7",
  "serial": 78,
  "lineage": "bf6a8e22-5a31-e7fc-67b2-85983e8813a0",
  "outputs": {
    "dns_tomcat": {
      "value": "ec2-34-255-1-24.eu-west-1.compute.amazonaws.com",
      "type": "string"
    },
    "ip_tomcat": {
      "value": "34.255.1.24",
      "type": "string"
    },
    "mi_clave_privada": {
      "value": "-----BEGIN RSA PRIVATE KEY-----\nMIIEpAIBAAKCAQEAumfETaogjMmLcd+DPX5JJmHiVWR4DiH0uKraEkldbhkmZ9k6\n5qr0cUHUvVnztfnNGJGYw3stVBPyAuZQehHqlTpJv9fcRMT5GRSa92o1LEhOIUEs\nR60cJCAtOBo0RvriEsH/dgL5MSFubAOTkw48Tu2wEQdmx0uKoFfQilSUbazffd18\nN2ioE32MWw4VEoDXHo6Bj0+spnD5Dq9x0mu3xhFmZZnX63EDbCFr+HFdcUxpwn5y\niuFduHbrXrAT9I85D8WiWR1ge5mc4U9hMxASmsQ2vH0yHJfszhvSTvZkGygQRxu+\nYtLwN7UZ0ADY2KHJ6Se1ij78V731sA/20j6CXQIDAQABAoIBABiTFY4nn6Lv7zJU\nBTlWLM6imPQpCqrSTzEJVTaT9X1OU4HdYaaHYzKLO0C7WyXiiOd0Sm97Db7H4l//\nfRyawBJsXMyt6JwoW66yyLtVhS0RWzuHHA9XAx7AHzYGPl4dNTDD4qnsOm3/uk8D\nKbF5bvn42/1ivGoJy3zYFuYlwGu05Moe25YHW61sGSfkTxeLt4zSPDF1KMrhZ2DU\nnDyC6JNAIvPqnWBH8qykfqSLOmt7ml4WcZ3ejan1W4D/Oxw/03sXrnKZeIFB2fFA\nnAxUileKXBeOYdAwgcWnEJRN3j0hhoh6XHsCoxjJ4q5vqmeLjUfGI232nkG29oK2\nUTKCyAECgYEAwxI2poTktPCX/r2znIf3e+W5tV+SYXw/Ury4tdqLUgkrgHBLycpG\nJ6UwSKy8+5zeML6zGhnQglFcV9mGx+4Dk3mYBqAcq7lQ53iYBbCtu4I0/IWTYu1K\nICUVZr/D3/oQmPOGBEQUUgDyP67YK/q/rleJy5esHJkzW2oiFAHBHvkCgYEA9KCj\n0jvo4IF7Kmo6gD/JYhSC/WF6JTza08PcReP9o6i6kuALLCXAGrFlbPvEiAftGemy\nOnJ7p/NXGIv0UOZ1X5MAwz2CRftXErWte1zqM6gQisAVnt8d3B9IIb2z3O3mDckg\n9The6UDOXTOUBzODn7yoAvOyv7wEMioNiHqQg4UCgYEAgtysFued+hhRDw65+G9q\nQg6pl5gmvgk4/csm6rBSuFT4fvBWl2d/ysbRbl+bY/wnPnIf+omIzHPCTBjchzEP\n6xYuO3ub4EOwl6fZ7C9LTTgbTbBaYIopKQlXoxdQUugRzFnJ9QCq1RxXZwtnb5GG\nl3GYOiFkz8aiole/xsYqhRkCgYEAvMpk49EcjncfKMLG10djEfCmjwn1jFuEvj2/\n96hWjUGgi82gkbeopHEXx54eNKV5VLBIvlawHBPuuaD5Mp5JIzN+OS91JLEup9/S\nPQyeKrOf4JURmoSytLjnoDKZZv2quCTq7JVOmlFLch5mNZCKGnMsburInrRpwJU3\n0IZWlUkCgYALqkOeyTXrnPXstY17AnM5WQV02jObAqxUuUuolkKdSEQ7BadQw+fU\n1pjLKhZ7a4QzwlW6OXEVzf3CJkR71Q3O9AGADjfkiGLjTH5ZGinblLKZSaQlkj8D\nZn8g2ftG/AlpSRdFv14jKelZJxOyHW3vx0v6O0ZMBVAeYZp08Jbr3g==\n-----END RSA PRIVATE KEY-----\n",
      "type": "string"
    },
    "mi_clave_publica": {
      "value": "-----BEGIN PUBLIC KEY-----\nMIIBIjANBgkqhkiG9w0BAQEFAAOCAQ8AMIIBCgKCAQEAumfETaogjMmLcd+DPX5J\nJmHiVWR4DiH0uKraEkldbhkmZ9k65qr0cUHUvVnztfnNGJGYw3stVBPyAuZQehHq\nlTpJv9fcRMT5GRSa92o1LEhOIUEsR60cJCAtOBo0RvriEsH/dgL5MSFubAOTkw48\nTu2wEQdmx0uKoFfQilSUbazffd18N2ioE32MWw4VEoDXHo6Bj0+spnD5Dq9x0mu3\nxhFmZZnX63EDbCFr+HFdcUxpwn5yiuFduHbrXrAT9I85D8WiWR1ge5mc4U9hMxAS\nmsQ2vH0yHJfszhvSTvZkGygQRxu+YtLwN7UZ0ADY2KHJ6Se1ij78V731sA/20j6C\nXQIDAQAB\n-----END PUBLIC KEY-----\n",
      "type": "string"
    }
  },
  "resources": [
    {
      "mode": "data",
      "type": "aws_ami",
      "name": "ami_ubuntu",
      "provider": "provider[\"registry.terraform.io/hashicorp/aws\"]",
      "instances": [
        {
          "schema_version": 0,
          "attributes": {
            "architecture": "x86_64",
            "arn": "arn:aws:ec2:eu-west-1::image/ami-0d94cb8577ea0e2fd",
            "block_device_mappings": [
              {
                "device_name": "/dev/sda1",
                "ebs": {
                  "delete_on_termination": "true",
                  "encrypted": "false",
                  "iops": "0",
                  "snapshot_id": "snap-0befbe6c2625c932f",
                  "throughput": "0",
                  "volume_size": "8",
                  "volume_type": "gp2"
                },
                "no_device": "",
                "virtual_name": ""
              },
              {
                "device_name": "/dev/sdb",
                "ebs": {},
                "no_device": "",
                "virtual_name": "ephemeral0"
              },
              {
                "device_name": "/dev/sdc",
                "ebs": {},
                "no_device": "",
                "virtual_name": "ephemeral1"
              }
            ],
            "creation_date": "2021-02-24T17:38:54.000Z",
            "description": "Canonical, Ubuntu, 16.04 LTS, amd64 xenial image build on 2021-02-24",
            "ena_support": true,
            "executable_users": null,
            "filter": [
              {
                "name": "name",
                "values": [
                  "*ubuntu-xenial-16.04-amd64-server-*"
                ]
              },
              {
                "name": "virtualization-type",
                "values": [
                  "hvm"
                ]
              }
            ],
            "hypervisor": "xen",
            "id": "ami-0d94cb8577ea0e2fd",
            "image_id": "ami-0d94cb8577ea0e2fd",
            "image_location": "099720109477/ubuntu/images/hvm-ssd/ubuntu-xenial-16.04-amd64-server-20210224",
            "image_owner_alias": null,
            "image_type": "machine",
            "kernel_id": null,
            "most_recent": true,
            "name": "ubuntu/images/hvm-ssd/ubuntu-xenial-16.04-amd64-server-20210224",
            "name_regex": null,
            "owner_id": "099720109477",
            "owners": [
              "099720109477"
            ],
            "platform": null,
            "platform_details": "Linux/UNIX",
            "product_codes": [],
            "public": true,
            "ramdisk_id": null,
            "root_device_name": "/dev/sda1",
            "root_device_type": "ebs",
            "root_snapshot_id": "snap-0befbe6c2625c932f",
            "sriov_net_support": "simple",
            "state": "available",
            "state_reason": {
              "code": "UNSET",
              "message": "UNSET"
            },
            "tags": {},
            "usage_operation": "RunInstances",
            "virtualization_type": "hvm"
          },
          "sensitive_attributes": []
        }
      ]
    },
    {
      "mode": "managed",
      "type": "aws_ebs_volume",
      "name": "volumen_victor",
      "provider": "provider[\"registry.terraform.io/hashicorp/aws\"]",
      "instances": [
        {
          "schema_version": 0,
          "attributes": {
            "arn": "arn:aws:ec2:eu-west-1:639988086142:volume/vol-0b01f17b565c2aec9",
            "availability_zone": "eu-west-1a",
            "encrypted": false,
            "id": "vol-0b01f17b565c2aec9",
            "iops": 100,
            "kms_key_id": "",
            "multi_attach_enabled": false,
            "outpost_arn": "",
            "size": 5,
            "snapshot_id": "",
            "tags": {
              "Name": "MaquinaVictor_vol2"
            },
            "throughput": 0,
            "type": "gp2"
          },
          "sensitive_attributes": [],
          "private": "bnVsbA==",
          "dependencies": [
            "aws_instance.mi_maquina_victor",
            "aws_key_pair.victor_kp",
            "aws_security_group.reglas_red_victor",
            "data.aws_ami.ami_ubuntu",
            "tls_private_key.mi_pareja_claves"
          ]
        }
      ]
    },
    {
      "mode": "managed",
      "type": "aws_instance",
      "name": "mi_maquina_victor",
      "provider": "provider[\"registry.terraform.io/hashicorp/aws\"]",
      "instances": [
        {
          "schema_version": 1,
          "attributes": {
            "ami": "ami-0d94cb8577ea0e2fd",
            "arn": "arn:aws:ec2:eu-west-1:639988086142:instance/i-0d6beb82503c9580e",
            "associate_public_ip_address": true,
            "availability_zone": "eu-west-1a",
            "cpu_core_count": 1,
            "cpu_threads_per_core": 1,
            "credit_specification": [
              {
                "cpu_credits": "standard"
              }
            ],
            "disable_api_termination": false,
            "ebs_block_device": [],
            "ebs_optimized": false,
            "enclave_options": [
              {
                "enabled": false
              }
            ],
            "ephemeral_block_device": [],
            "get_password_data": false,
            "hibernation": false,
            "host_id": null,
            "iam_instance_profile": "",
            "id": "i-0d6beb82503c9580e",
            "instance_initiated_shutdown_behavior": null,
            "instance_state": "running",
            "instance_type": "t2.micro",
            "ipv6_address_count": 0,
            "ipv6_addresses": [],
            "key_name": "victor_kp",
            "metadata_options": [
              {
                "http_endpoint": "enabled",
                "http_put_response_hop_limit": 1,
                "http_tokens": "optional"
              }
            ],
            "monitoring": false,
            "network_interface": [],
            "outpost_arn": "",
            "password_data": "",
            "placement_group": "",
            "primary_network_interface_id": "eni-004ab1540901883dc",
            "private_dns": "ip-172-31-2-210.eu-west-1.compute.internal",
            "private_ip": "172.31.2.210",
            "public_dns": "ec2-34-255-1-24.eu-west-1.compute.amazonaws.com",
            "public_ip": "34.255.1.24",
            "root_block_device": [
              {
                "delete_on_termination": true,
                "device_name": "/dev/sda1",
                "encrypted": false,
                "iops": 100,
                "kms_key_id": "",
                "tags": {},
                "throughput": 0,
                "volume_id": "vol-0967123961fe0c46a",
                "volume_size": 8,
                "volume_type": "gp2"
              }
            ],
            "secondary_private_ips": [],
            "security_groups": [
              "reglas_victor"
            ],
            "source_dest_check": true,
            "subnet_id": "subnet-89665def",
            "tags": {
              "Name": "MaquinaVictor"
            },
            "tenancy": "default",
            "timeouts": null,
            "user_data": null,
            "user_data_base64": null,
            "volume_tags": null,
            "vpc_security_group_ids": [
              "sg-055e0c6c89e03dcf7"
            ]
          },
          "sensitive_attributes": [],
          "private": "eyJlMmJmYjczMC1lY2FhLTExZTYtOGY4OC0zNDM2M2JjN2M0YzAiOnsiY3JlYXRlIjo2MDAwMDAwMDAwMDAsImRlbGV0ZSI6MTIwMDAwMDAwMDAwMCwidXBkYXRlIjo2MDAwMDAwMDAwMDB9LCJzY2hlbWFfdmVyc2lvbiI6IjEifQ==",
          "dependencies": [
            "aws_key_pair.victor_kp",
            "aws_security_group.reglas_red_victor",
            "data.aws_ami.ami_ubuntu",
            "tls_private_key.mi_pareja_claves"
          ]
        }
      ]
    },
    {
      "mode": "managed",
      "type": "aws_key_pair",
      "name": "victor_kp",
      "provider": "provider[\"registry.terraform.io/hashicorp/aws\"]",
      "instances": [
        {
          "schema_version": 1,
          "attributes": {
            "arn": "arn:aws:ec2:eu-west-1:639988086142:key-pair/victor_kp",
            "fingerprint": "17:0d:ac:9e:70:8b:3a:15:24:ee:b5:b2:21:c1:8c:bf",
            "id": "victor_kp",
            "key_name": "victor_kp",
            "key_name_prefix": null,
            "key_pair_id": "key-0cb756e0e4600a04d",
            "public_key": "ssh-rsa AAAAB3NzaC1yc2EAAAADAQABAAABAQC6Z8RNqiCMyYtx34M9fkkmYeJVZHgOIfS4qtoSSV1uGSZn2TrmqvRxQdS9WfO1+c0YkZjDey1UE/IC5lB6EeqVOkm/19xExPkZFJr3ajUsSE4hQSxHrRwkIC04GjRG+uISwf92AvkxIW5sA5OTDjxO7bARB2bHS4qgV9CKVJRtrN993Xw3aKgTfYxbDhUSgNcejoGPT6ymcPkOr3HSa7fGEWZlmdfrcQNsIWv4cV1xTGnCfnKK4V24dutesBP0jzkPxaJZHWB7mZzhT2EzEBKaxDa8fTIcl+zOG9JO9mQbKBBHG75i0vA3tRnQANjYocnpJ7WKPvxXvfWwD/bSPoJd",
            "tags": null
          },
          "sensitive_attributes": [],
          "private": "eyJzY2hlbWFfdmVyc2lvbiI6IjEifQ==",
          "dependencies": [
            "tls_private_key.mi_pareja_claves"
          ]
        }
      ]
    },
    {
      "mode": "managed",
      "type": "aws_security_group",
      "name": "reglas_red_victor",
      "provider": "provider[\"registry.terraform.io/hashicorp/aws\"]",
      "instances": [
        {
          "schema_version": 1,
          "attributes": {
            "arn": "arn:aws:ec2:eu-west-1:639988086142:security-group/sg-055e0c6c89e03dcf7",
            "description": "Allow ssh inbound traffic",
            "egress": [
              {
                "cidr_blocks": [
                  "0.0.0.0/0"
                ],
                "description": "",
                "from_port": 0,
                "ipv6_cidr_blocks": [],
                "prefix_list_ids": [],
                "protocol": "-1",
                "security_groups": [],
                "self": false,
                "to_port": 0
              }
            ],
            "id": "sg-055e0c6c89e03dcf7",
            "ingress": [
              {
                "cidr_blocks": [
                  "0.0.0.0/0"
                ],
                "description": "SSH from VPC",
                "from_port": 22,
                "ipv6_cidr_blocks": [],
                "prefix_list_ids": [],
                "protocol": "tcp",
                "security_groups": [],
                "self": false,
                "to_port": 22
              },
              {
                "cidr_blocks": [
                  "0.0.0.0/0"
                ],
                "description": "Tomcat from VPC",
                "from_port": 8080,
                "ipv6_cidr_blocks": [],
                "prefix_list_ids": [],
                "protocol": "tcp",
                "security_groups": [],
                "self": false,
                "to_port": 8080
              }
            ],
            "name": "reglas_victor",
            "name_prefix": "",
            "owner_id": "639988086142",
            "revoke_rules_on_delete": false,
            "tags": {
              "Name": "allow_tls"
            },
            "timeouts": null,
            "vpc_id": "vpc-e5ef219c"
          },
          "sensitive_attributes": [],
          "private": "eyJlMmJmYjczMC1lY2FhLTExZTYtOGY4OC0zNDM2M2JjN2M0YzAiOnsiY3JlYXRlIjo2MDAwMDAwMDAwMDAsImRlbGV0ZSI6NjAwMDAwMDAwMDAwfSwic2NoZW1hX3ZlcnNpb24iOiIxIn0="
        }
      ]
    },
    {
      "mode": "managed",
      "type": "aws_volume_attachment",
      "name": "attachment",
      "provider": "provider[\"registry.terraform.io/hashicorp/aws\"]",
      "instances": [
        {
          "schema_version": 0,
          "attributes": {
            "device_name": "/dev/sdh",
            "force_detach": null,
            "id": "vai-1072950048",
            "instance_id": "i-0d6beb82503c9580e",
            "skip_destroy": null,
            "volume_id": "vol-0b01f17b565c2aec9"
          },
          "sensitive_attributes": [],
          "private": "bnVsbA==",
          "dependencies": [
            "aws_ebs_volume.volumen_victor",
            "aws_instance.mi_maquina_victor",
            "aws_key_pair.victor_kp",
            "aws_security_group.reglas_red_victor",
            "data.aws_ami.ami_ubuntu",
            "tls_private_key.mi_pareja_claves"
          ]
        }
      ]
    },
    {
      "mode": "managed",
      "type": "tls_private_key",
      "name": "mi_pareja_claves",
      "provider": "provider[\"registry.terraform.io/hashicorp/tls\"]",
      "instances": [
        {
          "schema_version": 0,
          "attributes": {
            "algorithm": "RSA",
            "ecdsa_curve": "P224",
            "id": "4a85314d5b98c9fd4acf26ff14719d33fbb54174",
            "private_key_pem": "-----BEGIN RSA PRIVATE KEY-----\nMIIEpAIBAAKCAQEAumfETaogjMmLcd+DPX5JJmHiVWR4DiH0uKraEkldbhkmZ9k6\n5qr0cUHUvVnztfnNGJGYw3stVBPyAuZQehHqlTpJv9fcRMT5GRSa92o1LEhOIUEs\nR60cJCAtOBo0RvriEsH/dgL5MSFubAOTkw48Tu2wEQdmx0uKoFfQilSUbazffd18\nN2ioE32MWw4VEoDXHo6Bj0+spnD5Dq9x0mu3xhFmZZnX63EDbCFr+HFdcUxpwn5y\niuFduHbrXrAT9I85D8WiWR1ge5mc4U9hMxASmsQ2vH0yHJfszhvSTvZkGygQRxu+\nYtLwN7UZ0ADY2KHJ6Se1ij78V731sA/20j6CXQIDAQABAoIBABiTFY4nn6Lv7zJU\nBTlWLM6imPQpCqrSTzEJVTaT9X1OU4HdYaaHYzKLO0C7WyXiiOd0Sm97Db7H4l//\nfRyawBJsXMyt6JwoW66yyLtVhS0RWzuHHA9XAx7AHzYGPl4dNTDD4qnsOm3/uk8D\nKbF5bvn42/1ivGoJy3zYFuYlwGu05Moe25YHW61sGSfkTxeLt4zSPDF1KMrhZ2DU\nnDyC6JNAIvPqnWBH8qykfqSLOmt7ml4WcZ3ejan1W4D/Oxw/03sXrnKZeIFB2fFA\nnAxUileKXBeOYdAwgcWnEJRN3j0hhoh6XHsCoxjJ4q5vqmeLjUfGI232nkG29oK2\nUTKCyAECgYEAwxI2poTktPCX/r2znIf3e+W5tV+SYXw/Ury4tdqLUgkrgHBLycpG\nJ6UwSKy8+5zeML6zGhnQglFcV9mGx+4Dk3mYBqAcq7lQ53iYBbCtu4I0/IWTYu1K\nICUVZr/D3/oQmPOGBEQUUgDyP67YK/q/rleJy5esHJkzW2oiFAHBHvkCgYEA9KCj\n0jvo4IF7Kmo6gD/JYhSC/WF6JTza08PcReP9o6i6kuALLCXAGrFlbPvEiAftGemy\nOnJ7p/NXGIv0UOZ1X5MAwz2CRftXErWte1zqM6gQisAVnt8d3B9IIb2z3O3mDckg\n9The6UDOXTOUBzODn7yoAvOyv7wEMioNiHqQg4UCgYEAgtysFued+hhRDw65+G9q\nQg6pl5gmvgk4/csm6rBSuFT4fvBWl2d/ysbRbl+bY/wnPnIf+omIzHPCTBjchzEP\n6xYuO3ub4EOwl6fZ7C9LTTgbTbBaYIopKQlXoxdQUugRzFnJ9QCq1RxXZwtnb5GG\nl3GYOiFkz8aiole/xsYqhRkCgYEAvMpk49EcjncfKMLG10djEfCmjwn1jFuEvj2/\n96hWjUGgi82gkbeopHEXx54eNKV5VLBIvlawHBPuuaD5Mp5JIzN+OS91JLEup9/S\nPQyeKrOf4JURmoSytLjnoDKZZv2quCTq7JVOmlFLch5mNZCKGnMsburInrRpwJU3\n0IZWlUkCgYALqkOeyTXrnPXstY17AnM5WQV02jObAqxUuUuolkKdSEQ7BadQw+fU\n1pjLKhZ7a4QzwlW6OXEVzf3CJkR71Q3O9AGADjfkiGLjTH5ZGinblLKZSaQlkj8D\nZn8g2ftG/AlpSRdFv14jKelZJxOyHW3vx0v6O0ZMBVAeYZp08Jbr3g==\n-----END RSA PRIVATE KEY-----\n",
            "public_key_fingerprint_md5": "3d:08:57:26:22:b5:1d:24:f6:46:3c:07:14:30:a2:36",
            "public_key_openssh": "ssh-rsa AAAAB3NzaC1yc2EAAAADAQABAAABAQC6Z8RNqiCMyYtx34M9fkkmYeJVZHgOIfS4qtoSSV1uGSZn2TrmqvRxQdS9WfO1+c0YkZjDey1UE/IC5lB6EeqVOkm/19xExPkZFJr3ajUsSE4hQSxHrRwkIC04GjRG+uISwf92AvkxIW5sA5OTDjxO7bARB2bHS4qgV9CKVJRtrN993Xw3aKgTfYxbDhUSgNcejoGPT6ymcPkOr3HSa7fGEWZlmdfrcQNsIWv4cV1xTGnCfnKK4V24dutesBP0jzkPxaJZHWB7mZzhT2EzEBKaxDa8fTIcl+zOG9JO9mQbKBBHG75i0vA3tRnQANjYocnpJ7WKPvxXvfWwD/bSPoJd\n",
            "public_key_pem": "-----BEGIN PUBLIC KEY-----\nMIIBIjANBgkqhkiG9w0BAQEFAAOCAQ8AMIIBCgKCAQEAumfETaogjMmLcd+DPX5J\nJmHiVWR4DiH0uKraEkldbhkmZ9k65qr0cUHUvVnztfnNGJGYw3stVBPyAuZQehHq\nlTpJv9fcRMT5GRSa92o1LEhOIUEsR60cJCAtOBo0RvriEsH/dgL5MSFubAOTkw48\nTu2wEQdmx0uKoFfQilSUbazffd18N2ioE32MWw4VEoDXHo6Bj0+spnD5Dq9x0mu3\nxhFmZZnX63EDbCFr+HFdcUxpwn5yiuFduHbrXrAT9I85D8WiWR1ge5mc4U9hMxAS\nmsQ2vH0yHJfszhvSTvZkGygQRxu+YtLwN7UZ0ADY2KHJ6Se1ij78V731sA/20j6C\nXQIDAQAB\n-----END PUBLIC KEY-----\n",
            "rsa_bits": 2048
          },
          "sensitive_attributes": [],
          "private": "bnVsbA=="
        }
      ]
    }
  ]
}
