{
  "version": 4,
  "terraform_version": "0.14.7",
  "serial": 65,
  "lineage": "bf6a8e22-5a31-e7fc-67b2-85983e8813a0",
  "outputs": {
    "mi_clave_privada": {
      "value": "-----BEGIN RSA PRIVATE KEY-----\nMIIEpQIBAAKCAQEAr8kFO6APFn/niMpCf4+drPQCp151QBKkj06f53k3nEPCLPAV\nINIrCJ2pn1QHQ0p2C1Wr7l8z916AYSiv9Go/3PttTzjeGGyRGFfeW2gv+IZbptvL\nGKFYu89wYPT1Bf5YE0X9ADsC1h+QZfP1/GiJO3/Lfdprc6AV0p/+MYstkEJncVkM\np8wEzbwreWQJfKzalKWCxvn4DmSLa/s34hukdq6i6LhICrINAFlxkMxlybtgBtqi\nHAiBn1w9qlyZ2lTY7yVBaqpQEVtwj2S8f9IBVsv2K3iSpy/yOIBn4QoGL/iRsujF\n3RFPvVABecuJmgvSrUWlhiAXDNfojGYR53UgswIDAQABAoIBAHys5Ks/gLQCj6Mz\nYSq8H6cVgfRXSG3jSxfhOgSgstKANG5O8Y1PwvnfaPj6ThRp8YNkhgcROvhN7Fv8\n0Z9W5GjFYuf3e35zMg3D9I98O9nW4ZZc+ZVEinzaSehalJZlqO4yi5joQcDArlfB\nSkx1kC/FGfzvN5rQhenXVCCrh+tyIIOZZl8EtgYbeynJOZJgeBD39kTDVaaH6Isg\nrtSzD4YI5EksEDQGZQjSeVTkIAiLbqRmuW/xrtIDWQ0ea8QoQwzyxQl4iRvdy3DI\nBQ6BCk49NaKfXw9DYhPSSbBu678es6As6E3FosStmyPGMdhWMBbokiqon/owvdMn\nJx9oTqECgYEAzfHmFnF/OO2WTQ1sb6e7rJrnbNEDq7eUC1RPVX47uVacQo+JPS5N\nHMw1Te3WgyA4xa8yaxIiaSbSgOJVcS4RL3l0ghPuprN02cmbUHos7orFkN87xalw\nvCkYWgP83joDn9sgOdZ6g5K6jRNCM9j68z/WQ3p+hjKcpG7/lekB4NsCgYEA2oKO\nR3ezgXQgWrVNk58cixPb5YjnlHG0XLINF5L0FfIU8OuMo/VI8XxY6UskCIGM9iR5\nSrrWfn5dMqaF79UNgWcHycTJU/nmxN4F1xictWTDCiCfnkMSr8T8q+RXCGcLp097\nCu0Oe9UEYH0hxh2MPRUGYcY4nHrWZseZVtOBewkCgYEAwdMYqabIBdwVyQ8JL0y9\n5QUlKdTNj5+HReJjiCL2MsjA6CQPFfWtvZyzzlQ5v89jnyn0WbEHkc9n7sUVhR/G\nLNgyPvpjcaEUKKUF+AgEob0Zk++FYdLGt1A2CwIVy1DueFTTT5v8UjiWOpAVjpZ4\nGNfL4FY5HjQkGN4ezgguLGECgYEAse4Z2YxZeZKMPhDgiNLJtV6Ic1KV8MTeL5U1\nH/skEzK7ZqsILQKxUSMGa4IqZ1rG5DAzLG0T+JEBZxs+eVst0i+Jof1CS8V06t44\nNzztbrAMOhTypTbM4qAvd/FKBaeTT7xi3zTF1IRTOhbrB55L8flK5xc4RgOozqy9\n6nv0NbECgYEAv9ZSL7PH3gsKyVoXODS3qGGMGQBYvbp9ORBzCfvUxP17a8VpRNSA\nKOxxf49NolH4pYWZAa2OtEggKBHhcq0CPqyQe+ZieEflpKoTZN9FZF+Zc+nDIxda\ntmXThpg9LbEt7SyYmVna6G3FzEncH/tKo4Y6u721YsK8mxtAPzYK3L0=\n-----END RSA PRIVATE KEY-----\n",
      "type": "string"
    },
    "mi_clave_publica": {
      "value": "-----BEGIN PUBLIC KEY-----\nMIIBIjANBgkqhkiG9w0BAQEFAAOCAQ8AMIIBCgKCAQEAr8kFO6APFn/niMpCf4+d\nrPQCp151QBKkj06f53k3nEPCLPAVINIrCJ2pn1QHQ0p2C1Wr7l8z916AYSiv9Go/\n3PttTzjeGGyRGFfeW2gv+IZbptvLGKFYu89wYPT1Bf5YE0X9ADsC1h+QZfP1/GiJ\nO3/Lfdprc6AV0p/+MYstkEJncVkMp8wEzbwreWQJfKzalKWCxvn4DmSLa/s34huk\ndq6i6LhICrINAFlxkMxlybtgBtqiHAiBn1w9qlyZ2lTY7yVBaqpQEVtwj2S8f9IB\nVsv2K3iSpy/yOIBn4QoGL/iRsujF3RFPvVABecuJmgvSrUWlhiAXDNfojGYR53Ug\nswIDAQAB\n-----END PUBLIC KEY-----\n",
      "type": "string"
    }
  },
  "resources": [
    {
      "mode": "data",
      "type": "aws_ami",
      "name": "ami_ubuntu",
      "provider": "provider[\"registry.terraform.io/hashicorp/aws\"]",
      "instances": [
        {
          "schema_version": 0,
          "attributes": {
            "architecture": "x86_64",
            "arn": "arn:aws:ec2:eu-west-1::image/ami-0d94cb8577ea0e2fd",
            "block_device_mappings": [
              {
                "device_name": "/dev/sda1",
                "ebs": {
                  "delete_on_termination": "true",
                  "encrypted": "false",
                  "iops": "0",
                  "snapshot_id": "snap-0befbe6c2625c932f",
                  "throughput": "0",
                  "volume_size": "8",
                  "volume_type": "gp2"
                },
                "no_device": "",
                "virtual_name": ""
              },
              {
                "device_name": "/dev/sdb",
                "ebs": {},
                "no_device": "",
                "virtual_name": "ephemeral0"
              },
              {
                "device_name": "/dev/sdc",
                "ebs": {},
                "no_device": "",
                "virtual_name": "ephemeral1"
              }
            ],
            "creation_date": "2021-02-24T17:38:54.000Z",
            "description": "Canonical, Ubuntu, 16.04 LTS, amd64 xenial image build on 2021-02-24",
            "ena_support": true,
            "executable_users": null,
            "filter": [
              {
                "name": "name",
                "values": [
                  "*ubuntu-xenial-16.04-amd64-server-*"
                ]
              },
              {
                "name": "virtualization-type",
                "values": [
                  "hvm"
                ]
              }
            ],
            "hypervisor": "xen",
            "id": "ami-0d94cb8577ea0e2fd",
            "image_id": "ami-0d94cb8577ea0e2fd",
            "image_location": "099720109477/ubuntu/images/hvm-ssd/ubuntu-xenial-16.04-amd64-server-20210224",
            "image_owner_alias": null,
            "image_type": "machine",
            "kernel_id": null,
            "most_recent": true,
            "name": "ubuntu/images/hvm-ssd/ubuntu-xenial-16.04-amd64-server-20210224",
            "name_regex": null,
            "owner_id": "099720109477",
            "owners": [
              "099720109477"
            ],
            "platform": null,
            "platform_details": "Linux/UNIX",
            "product_codes": [],
            "public": true,
            "ramdisk_id": null,
            "root_device_name": "/dev/sda1",
            "root_device_type": "ebs",
            "root_snapshot_id": "snap-0befbe6c2625c932f",
            "sriov_net_support": "simple",
            "state": "available",
            "state_reason": {
              "code": "UNSET",
              "message": "UNSET"
            },
            "tags": {},
            "usage_operation": "RunInstances",
            "virtualization_type": "hvm"
          },
          "sensitive_attributes": []
        }
      ]
    },
    {
      "mode": "managed",
      "type": "aws_instance",
      "name": "mi_maquina_victor",
      "provider": "provider[\"registry.terraform.io/hashicorp/aws\"]",
      "instances": [
        {
          "status": "tainted",
          "schema_version": 1,
          "attributes": {
            "ami": "ami-0d94cb8577ea0e2fd",
            "arn": "arn:aws:ec2:eu-west-1:639988086142:instance/i-0cc61cec419171518",
            "associate_public_ip_address": true,
            "availability_zone": "eu-west-1c",
            "cpu_core_count": 1,
            "cpu_threads_per_core": 1,
            "credit_specification": [
              {
                "cpu_credits": "standard"
              }
            ],
            "disable_api_termination": false,
            "ebs_block_device": [],
            "ebs_optimized": false,
            "enclave_options": [
              {
                "enabled": false
              }
            ],
            "ephemeral_block_device": [],
            "get_password_data": false,
            "hibernation": false,
            "host_id": null,
            "iam_instance_profile": "",
            "id": "i-0cc61cec419171518",
            "instance_initiated_shutdown_behavior": null,
            "instance_state": "running",
            "instance_type": "t2.micro",
            "ipv6_address_count": 0,
            "ipv6_addresses": [],
            "key_name": "victor_kp",
            "metadata_options": [
              {
                "http_endpoint": "enabled",
                "http_put_response_hop_limit": 1,
                "http_tokens": "optional"
              }
            ],
            "monitoring": false,
            "network_interface": [],
            "outpost_arn": "",
            "password_data": "",
            "placement_group": "",
            "primary_network_interface_id": "eni-0eea66bb66b4a529c",
            "private_dns": "ip-172-31-42-217.eu-west-1.compute.internal",
            "private_ip": "172.31.42.217",
            "public_dns": "ec2-34-248-172-25.eu-west-1.compute.amazonaws.com",
            "public_ip": "34.248.172.25",
            "root_block_device": [
              {
                "delete_on_termination": true,
                "device_name": "/dev/sda1",
                "encrypted": false,
                "iops": 100,
                "kms_key_id": "",
                "tags": {},
                "throughput": 0,
                "volume_id": "vol-08191151f1e9a2fab",
                "volume_size": 8,
                "volume_type": "gp2"
              }
            ],
            "secondary_private_ips": [],
            "security_groups": [
              "reglas_victor"
            ],
            "source_dest_check": true,
            "subnet_id": "subnet-a7ace9fd",
            "tags": {
              "Name": "MaquinaVictor"
            },
            "tenancy": "default",
            "timeouts": null,
            "user_data": null,
            "user_data_base64": null,
            "volume_tags": null,
            "vpc_security_group_ids": [
              "sg-07bfe41c2db30f38d"
            ]
          },
          "sensitive_attributes": [],
          "private": "eyJlMmJmYjczMC1lY2FhLTExZTYtOGY4OC0zNDM2M2JjN2M0YzAiOnsiY3JlYXRlIjo2MDAwMDAwMDAwMDAsImRlbGV0ZSI6MTIwMDAwMDAwMDAwMCwidXBkYXRlIjo2MDAwMDAwMDAwMDB9LCJzY2hlbWFfdmVyc2lvbiI6IjEifQ==",
          "dependencies": [
            "aws_key_pair.victor_kp",
            "aws_security_group.reglas_red_victor",
            "data.aws_ami.ami_ubuntu",
            "tls_private_key.mi_pareja_claves"
          ]
        }
      ]
    },
    {
      "mode": "managed",
      "type": "aws_key_pair",
      "name": "victor_kp",
      "provider": "provider[\"registry.terraform.io/hashicorp/aws\"]",
      "instances": [
        {
          "schema_version": 1,
          "attributes": {
            "arn": "arn:aws:ec2:eu-west-1:639988086142:key-pair/victor_kp",
            "fingerprint": "70:08:5d:47:25:4e:08:b4:04:1a:6d:dd:cf:80:2d:69",
            "id": "victor_kp",
            "key_name": "victor_kp",
            "key_name_prefix": null,
            "key_pair_id": "key-0956f728f7445251e",
            "public_key": "ssh-rsa AAAAB3NzaC1yc2EAAAADAQABAAABAQCvyQU7oA8Wf+eIykJ/j52s9AKnXnVAEqSPTp/neTecQ8Is8BUg0isInamfVAdDSnYLVavuXzP3XoBhKK/0aj/c+21PON4YbJEYV95baC/4hlum28sYoVi7z3Bg9PUF/lgTRf0AOwLWH5Bl8/X8aIk7f8t92mtzoBXSn/4xiy2QQmdxWQynzATNvCt5ZAl8rNqUpYLG+fgOZItr+zfiG6R2rqLouEgKsg0AWXGQzGXJu2AG2qIcCIGfXD2qXJnaVNjvJUFqqlARW3CPZLx/0gFWy/YreJKnL/I4gGfhCgYv+JGy6MXdEU+9UAF5y4maC9KtRaWGIBcM1+iMZhHndSCz",
            "tags": null
          },
          "sensitive_attributes": [],
          "private": "eyJzY2hlbWFfdmVyc2lvbiI6IjEifQ==",
          "dependencies": [
            "tls_private_key.mi_pareja_claves"
          ]
        }
      ]
    },
    {
      "mode": "managed",
      "type": "aws_security_group",
      "name": "reglas_red_victor",
      "provider": "provider[\"registry.terraform.io/hashicorp/aws\"]",
      "instances": [
        {
          "schema_version": 1,
          "attributes": {
            "arn": "arn:aws:ec2:eu-west-1:639988086142:security-group/sg-07bfe41c2db30f38d",
            "description": "Allow ssh inbound traffic",
            "egress": [
              {
                "cidr_blocks": [
                  "0.0.0.0/0"
                ],
                "description": "",
                "from_port": 0,
                "ipv6_cidr_blocks": [],
                "prefix_list_ids": [],
                "protocol": "-1",
                "security_groups": [],
                "self": false,
                "to_port": 0
              }
            ],
            "id": "sg-07bfe41c2db30f38d",
            "ingress": [
              {
                "cidr_blocks": [
                  "0.0.0.0/0"
                ],
                "description": "SSH from VPC",
                "from_port": 22,
                "ipv6_cidr_blocks": [],
                "prefix_list_ids": [],
                "protocol": "tcp",
                "security_groups": [],
                "self": false,
                "to_port": 22
              },
              {
                "cidr_blocks": [
                  "0.0.0.0/0"
                ],
                "description": "Tomcat from VPC",
                "from_port": 8080,
                "ipv6_cidr_blocks": [],
                "prefix_list_ids": [],
                "protocol": "tcp",
                "security_groups": [],
                "self": false,
                "to_port": 8080
              }
            ],
            "name": "reglas_victor",
            "name_prefix": "",
            "owner_id": "639988086142",
            "revoke_rules_on_delete": false,
            "tags": {
              "Name": "allow_tls"
            },
            "timeouts": null,
            "vpc_id": "vpc-e5ef219c"
          },
          "sensitive_attributes": [],
          "private": "eyJlMmJmYjczMC1lY2FhLTExZTYtOGY4OC0zNDM2M2JjN2M0YzAiOnsiY3JlYXRlIjo2MDAwMDAwMDAwMDAsImRlbGV0ZSI6NjAwMDAwMDAwMDAwfSwic2NoZW1hX3ZlcnNpb24iOiIxIn0="
        }
      ]
    },
    {
      "mode": "managed",
      "type": "tls_private_key",
      "name": "mi_pareja_claves",
      "provider": "provider[\"registry.terraform.io/hashicorp/tls\"]",
      "instances": [
        {
          "schema_version": 0,
          "attributes": {
            "algorithm": "RSA",
            "ecdsa_curve": "P224",
            "id": "81b35340a0d5bb6fb8d05894e34fd2c7cc5cc5de",
            "private_key_pem": "-----BEGIN RSA PRIVATE KEY-----\nMIIEpQIBAAKCAQEAr8kFO6APFn/niMpCf4+drPQCp151QBKkj06f53k3nEPCLPAV\nINIrCJ2pn1QHQ0p2C1Wr7l8z916AYSiv9Go/3PttTzjeGGyRGFfeW2gv+IZbptvL\nGKFYu89wYPT1Bf5YE0X9ADsC1h+QZfP1/GiJO3/Lfdprc6AV0p/+MYstkEJncVkM\np8wEzbwreWQJfKzalKWCxvn4DmSLa/s34hukdq6i6LhICrINAFlxkMxlybtgBtqi\nHAiBn1w9qlyZ2lTY7yVBaqpQEVtwj2S8f9IBVsv2K3iSpy/yOIBn4QoGL/iRsujF\n3RFPvVABecuJmgvSrUWlhiAXDNfojGYR53UgswIDAQABAoIBAHys5Ks/gLQCj6Mz\nYSq8H6cVgfRXSG3jSxfhOgSgstKANG5O8Y1PwvnfaPj6ThRp8YNkhgcROvhN7Fv8\n0Z9W5GjFYuf3e35zMg3D9I98O9nW4ZZc+ZVEinzaSehalJZlqO4yi5joQcDArlfB\nSkx1kC/FGfzvN5rQhenXVCCrh+tyIIOZZl8EtgYbeynJOZJgeBD39kTDVaaH6Isg\nrtSzD4YI5EksEDQGZQjSeVTkIAiLbqRmuW/xrtIDWQ0ea8QoQwzyxQl4iRvdy3DI\nBQ6BCk49NaKfXw9DYhPSSbBu678es6As6E3FosStmyPGMdhWMBbokiqon/owvdMn\nJx9oTqECgYEAzfHmFnF/OO2WTQ1sb6e7rJrnbNEDq7eUC1RPVX47uVacQo+JPS5N\nHMw1Te3WgyA4xa8yaxIiaSbSgOJVcS4RL3l0ghPuprN02cmbUHos7orFkN87xalw\nvCkYWgP83joDn9sgOdZ6g5K6jRNCM9j68z/WQ3p+hjKcpG7/lekB4NsCgYEA2oKO\nR3ezgXQgWrVNk58cixPb5YjnlHG0XLINF5L0FfIU8OuMo/VI8XxY6UskCIGM9iR5\nSrrWfn5dMqaF79UNgWcHycTJU/nmxN4F1xictWTDCiCfnkMSr8T8q+RXCGcLp097\nCu0Oe9UEYH0hxh2MPRUGYcY4nHrWZseZVtOBewkCgYEAwdMYqabIBdwVyQ8JL0y9\n5QUlKdTNj5+HReJjiCL2MsjA6CQPFfWtvZyzzlQ5v89jnyn0WbEHkc9n7sUVhR/G\nLNgyPvpjcaEUKKUF+AgEob0Zk++FYdLGt1A2CwIVy1DueFTTT5v8UjiWOpAVjpZ4\nGNfL4FY5HjQkGN4ezgguLGECgYEAse4Z2YxZeZKMPhDgiNLJtV6Ic1KV8MTeL5U1\nH/skEzK7ZqsILQKxUSMGa4IqZ1rG5DAzLG0T+JEBZxs+eVst0i+Jof1CS8V06t44\nNzztbrAMOhTypTbM4qAvd/FKBaeTT7xi3zTF1IRTOhbrB55L8flK5xc4RgOozqy9\n6nv0NbECgYEAv9ZSL7PH3gsKyVoXODS3qGGMGQBYvbp9ORBzCfvUxP17a8VpRNSA\nKOxxf49NolH4pYWZAa2OtEggKBHhcq0CPqyQe+ZieEflpKoTZN9FZF+Zc+nDIxda\ntmXThpg9LbEt7SyYmVna6G3FzEncH/tKo4Y6u721YsK8mxtAPzYK3L0=\n-----END RSA PRIVATE KEY-----\n",
            "public_key_fingerprint_md5": "71:36:36:40:f3:0b:cd:96:76:98:34:a1:09:da:43:c7",
            "public_key_openssh": "ssh-rsa AAAAB3NzaC1yc2EAAAADAQABAAABAQCvyQU7oA8Wf+eIykJ/j52s9AKnXnVAEqSPTp/neTecQ8Is8BUg0isInamfVAdDSnYLVavuXzP3XoBhKK/0aj/c+21PON4YbJEYV95baC/4hlum28sYoVi7z3Bg9PUF/lgTRf0AOwLWH5Bl8/X8aIk7f8t92mtzoBXSn/4xiy2QQmdxWQynzATNvCt5ZAl8rNqUpYLG+fgOZItr+zfiG6R2rqLouEgKsg0AWXGQzGXJu2AG2qIcCIGfXD2qXJnaVNjvJUFqqlARW3CPZLx/0gFWy/YreJKnL/I4gGfhCgYv+JGy6MXdEU+9UAF5y4maC9KtRaWGIBcM1+iMZhHndSCz\n",
            "public_key_pem": "-----BEGIN PUBLIC KEY-----\nMIIBIjANBgkqhkiG9w0BAQEFAAOCAQ8AMIIBCgKCAQEAr8kFO6APFn/niMpCf4+d\nrPQCp151QBKkj06f53k3nEPCLPAVINIrCJ2pn1QHQ0p2C1Wr7l8z916AYSiv9Go/\n3PttTzjeGGyRGFfeW2gv+IZbptvLGKFYu89wYPT1Bf5YE0X9ADsC1h+QZfP1/GiJ\nO3/Lfdprc6AV0p/+MYstkEJncVkMp8wEzbwreWQJfKzalKWCxvn4DmSLa/s34huk\ndq6i6LhICrINAFlxkMxlybtgBtqiHAiBn1w9qlyZ2lTY7yVBaqpQEVtwj2S8f9IB\nVsv2K3iSpy/yOIBn4QoGL/iRsujF3RFPvVABecuJmgvSrUWlhiAXDNfojGYR53Ug\nswIDAQAB\n-----END PUBLIC KEY-----\n",
            "rsa_bits": 2048
          },
          "sensitive_attributes": [],
          "private": "bnVsbA=="
        }
      ]
    }
  ]
}
